
Microsoft Visual Studio Solution File, Format Version 12.00
# Visual Studio Version 16
VisualStudioVersion = 16.0.29911.84
MinimumVisualStudioVersion = 10.0.40219.1
Project("{FAE04EC0-301F-11D3-BF4B-00C04F79EFBC}") = "structures and algorithms", "structures and algorithms.csproj", "{046AC0B9-0842-41CA-8507-4EBE25E192F7}"
EndProject
Global
	GlobalSection(SolutionConfigurationPlatforms) = preSolution
		Debug|Any CPU = Debug|Any CPU
		Release|Any CPU = Release|Any CPU
	EndGlobalSection
	GlobalSection(ProjectConfigurationPlatforms) = postSolution
		{046AC0B9-0842-41CA-8507-4EBE25E192F7}.Debug|Any CPU.ActiveCfg = Debug|Any CPU
		{046AC0B9-0842-41CA-8507-4EBE25E192F7}.Debug|Any CPU.Build.0 = Debug|Any CPU
		{046AC0B9-0842-41CA-8507-4EBE25E192F7}.Release|Any CPU.ActiveCfg = Release|Any CPU
		{046AC0B9-0842-41CA-8507-4EBE25E192F7}.Release|Any CPU.Build.0 = Release|Any CPU
	EndGlobalSection
	GlobalSection(SolutionProperties) = preSolution
		HideSolutionNode = FALSE
	EndGlobalSection
	GlobalSection(ExtensibilityGlobals) = postSolution
		SolutionGuid = {AA2E4862-39CD-42C9-ADBB-1E55D5DE8ECC}
	EndGlobalSection
EndGlobal
